
Microsoft Visual Studio Solution File, Format Version 12.00
# Visual Studio 15
VisualStudioVersion = 15.0.27130.2027
MinimumVisualStudioVersion = 10.0.40219.1
Project("{FAE04EC0-301F-11D3-BF4B-00C04F79EFBC}") = "VSProjectManager", "VSProjectManager\VSProjectManager.csproj", "{82BCE6A8-225B-41A5-B8A7-59817C14D288}"
EndProject
Global
	GlobalSection(SolutionConfigurationPlatforms) = preSolution
		Debug|Any CPU = Debug|Any CPU
		Release|Any CPU = Release|Any CPU
	EndGlobalSection
	GlobalSection(ProjectConfigurationPlatforms) = postSolution
		{82BCE6A8-225B-41A5-B8A7-59817C14D288}.Debug|Any CPU.ActiveCfg = Release|Any CPU
		{82BCE6A8-225B-41A5-B8A7-59817C14D288}.Debug|Any CPU.Build.0 = Release|Any CPU
		{82BCE6A8-225B-41A5-B8A7-59817C14D288}.Release|Any CPU.ActiveCfg = Release|Any CPU
		{82BCE6A8-225B-41A5-B8A7-59817C14D288}.Release|Any CPU.Build.0 = Release|Any CPU
	EndGlobalSection
	GlobalSection(SolutionProperties) = preSolution
		HideSolutionNode = FALSE
	EndGlobalSection
	GlobalSection(ExtensibilityGlobals) = postSolution
		SolutionGuid = {20C57F61-5C5F-4EEE-8404-D7C7E605A985}
	EndGlobalSection
EndGlobal
